
Microsoft Visual Studio Solution File, Format Version 12.00
# Visual Studio 14
VisualStudioVersion = 14.0.25420.1
MinimumVisualStudioVersion = 10.0.40219.1
Project("{2150E333-8FDC-42A3-9474-1A3956D46DE8}") = "src", "src", "{F8A9FF3C-D446-4C9E-B2EA-54985B604AA9}"
EndProject
Project("{2150E333-8FDC-42A3-9474-1A3956D46DE8}") = "Solution Items", "Solution Items", "{4625F386-A3CC-4176-A769-29C43C94F8A7}"
	ProjectSection(SolutionItems) = preProject
		global.json = global.json
	EndProjectSection
EndProject
Project("{8BB2217D-0F2D-49D1-97BC-3654ED321F3B}") = "Solidiscope", "src\Solidiscope\Solidiscope.xproj", "{A5A20F78-B3BC-4BB7-B78F-D282115D15DD}"
EndProject
Global
	GlobalSection(SolutionConfigurationPlatforms) = preSolution
		Debug|Any CPU = Debug|Any CPU
		Release|Any CPU = Release|Any CPU
	EndGlobalSection
	GlobalSection(ProjectConfigurationPlatforms) = postSolution
		{A5A20F78-B3BC-4BB7-B78F-D282115D15DD}.Debug|Any CPU.ActiveCfg = Debug|Any CPU
		{A5A20F78-B3BC-4BB7-B78F-D282115D15DD}.Debug|Any CPU.Build.0 = Debug|Any CPU
		{A5A20F78-B3BC-4BB7-B78F-D282115D15DD}.Release|Any CPU.ActiveCfg = Release|Any CPU
		{A5A20F78-B3BC-4BB7-B78F-D282115D15DD}.Release|Any CPU.Build.0 = Release|Any CPU
	EndGlobalSection
	GlobalSection(SolutionProperties) = preSolution
		HideSolutionNode = FALSE
	EndGlobalSection
	GlobalSection(NestedProjects) = preSolution
		{A5A20F78-B3BC-4BB7-B78F-D282115D15DD} = {F8A9FF3C-D446-4C9E-B2EA-54985B604AA9}
	EndGlobalSection
EndGlobal
